
Microsoft Visual Studio Solution File, Format Version 12.00
# Visual Studio Version 17
VisualStudioVersion = 17.1.32328.378
MinimumVisualStudioVersion = 10.0.40219.1
Project("{9A19103F-16F7-4668-BE54-9A1E7A4F7556}") = "AuditBenchmarkModule", "AuditBenchmarkModule\AuditBenchmarkModule.csproj", "{A0AFAB33-048D-43B7-BE51-B57FEAE33569}"
EndProject
Project("{FAE04EC0-301F-11D3-BF4B-00C04F79EFBC}") = "testbench", "testbench\testbench.csproj", "{FD2F246C-A399-4E0C-99B5-1E616E4110FE}"
EndProject
Global
	GlobalSection(SolutionConfigurationPlatforms) = preSolution
		Debug|Any CPU = Debug|Any CPU
		Release|Any CPU = Release|Any CPU
	EndGlobalSection
	GlobalSection(ProjectConfigurationPlatforms) = postSolution
		{A0AFAB33-048D-43B7-BE51-B57FEAE33569}.Debug|Any CPU.ActiveCfg = Debug|Any CPU
		{A0AFAB33-048D-43B7-BE51-B57FEAE33569}.Debug|Any CPU.Build.0 = Debug|Any CPU
		{A0AFAB33-048D-43B7-BE51-B57FEAE33569}.Release|Any CPU.ActiveCfg = Release|Any CPU
		{A0AFAB33-048D-43B7-BE51-B57FEAE33569}.Release|Any CPU.Build.0 = Release|Any CPU
		{FD2F246C-A399-4E0C-99B5-1E616E4110FE}.Debug|Any CPU.ActiveCfg = Debug|Any CPU
		{FD2F246C-A399-4E0C-99B5-1E616E4110FE}.Debug|Any CPU.Build.0 = Debug|Any CPU
		{FD2F246C-A399-4E0C-99B5-1E616E4110FE}.Release|Any CPU.ActiveCfg = Release|Any CPU
		{FD2F246C-A399-4E0C-99B5-1E616E4110FE}.Release|Any CPU.Build.0 = Release|Any CPU
	EndGlobalSection
	GlobalSection(SolutionProperties) = preSolution
		HideSolutionNode = FALSE
	EndGlobalSection
	GlobalSection(ExtensibilityGlobals) = postSolution
		SolutionGuid = {41813508-D9E3-487C-98D1-CB39D0B99AA2}
	EndGlobalSection
EndGlobal
